// !$*UTF8*$!
{
	archiveVersion = 1;
	classes = {
	};
	objectVersion = 46;
	objects = {

/* Begin PBXBuildFile section */
		D2DF4CD71C55D44500D3094B /* AppDelegate.swift in Sources */ = {isa = PBXBuildFile; fileRef = D2DF4CD61C55D44500D3094B /* AppDelegate.swift */; };
		D2DF4CD91C55D44500D3094B /* ViewController.swift in Sources */ = {isa = PBXBuildFile; fileRef = D2DF4CD81C55D44500D3094B /* ViewController.swift */; };
		D2DF4CDC1C55D44600D3094B /* Main.storyboard in Resources */ = {isa = PBXBuildFile; fileRef = D2DF4CDA1C55D44600D3094B /* Main.storyboard */; };
		D2DF4CDE1C55D44600D3094B /* Assets.xcassets in Resources */ = {isa = PBXBuildFile; fileRef = D2DF4CDD1C55D44600D3094B /* Assets.xcassets */; };
		D2DF4CE11C55D44600D3094B /* LaunchScreen.storyboard in Resources */ = {isa = PBXBuildFile; fileRef = D2DF4CDF1C55D44600D3094B /* LaunchScreen.storyboard */; };
/* End PBXBuildFile section */

/* Begin PBXFileReference section */
		D2DF4CD31C55D44500D3094B /* Twipper.app */ = {isa = PBXFileReference; explicitFileType = wrapper.application; includeInIndex = 0; path = Twipper.app; sourceTree = BUILT_PRODUCTS_DIR; };
		D2DF4CD61C55D44500D3094B /* AppDelegate.swift */ = {isa = PBXFileReference; lastKnownFileType = sourcecode.swift; path = AppDelegate.swift; sourceTree = "<group>"; };
		D2DF4CD81C55D44500D3094B /* ViewController.swift */ = {isa = PBXFileReference; lastKnownFileType = sourcecode.swift; path = ViewController.swift; sourceTree = "<group>"; };
		D2DF4CDB1C55D44600D3094B /* Base */ = {isa = PBXFileReference; lastKnownFileType = file.storyboard; name = Base; path = Base.lproj/Main.storyboard; sourceTree = "<group>"; };
		D2DF4CDD1C55D44600D3094B /* Assets.xcassets */ = {isa = PBXFileReference; lastKnownFileType = folder.assetcatalog; path = Assets.xcassets; sourceTree = "<group>"; };
		D2DF4CE01C55D44600D3094B /* Base */ = {isa = PBXFileReference; lastKnownFileType = file.storyboard; name = Base; path = Base.lproj/LaunchScreen.storyboard; sourceTree = "<group>"; };
		D2DF4CE21C55D44600D3094B /* Info.plist */ = {isa = PBXFileReference; lastKnownFileType = text.plist.xml; path = Info.plist; sourceTree = "<group>"; };
/* End PBXFileReference section */

/* Begin PBXFrameworksBuildPhase section */
		D2DF4CD01C55D44500D3094B /* Frameworks */ = {
			isa = PBXFrameworksBuildPhase;
			buildActionMask = 2147483647;
			files = (
			);
			runOnlyForDeploymentPostprocessing = 0;
		};
/* End PBXFrameworksBuildPhase section */

/* Begin PBXGroup section */
		D2DF4CCA1C55D44500D3094B = {
			isa = PBXGroup;
			children = (
				D2DF4CD51C55D44500D3094B /* Twipper */,
				D2DF4CD41C55D44500D3094B /* Products */,
			);
			sourceTree = "<group>";
		};
		D2DF4CD41C55D44500D3094B /* Products */ = {
			isa = PBXGroup;
			children = (
				D2DF4CD31C55D44500D3094B /* Twipper.app */,
			);
			name = Products;
			sourceTree = "<group>";
		};
		D2DF4CD51C55D44500D3094B /* Twipper */ = {
			isa = PBXGroup;
			children = (
				D2DF4CD61C55D44500D3094B /* AppDelegate.swift */,
				D2DF4CD81C55D44500D3094B /* ViewController.swift */,
				D2DF4CDA1C55D44600D3094B /* Main.storyboard */,
				D2DF4CDD1C55D44600D3094B /* Assets.xcassets */,
				D2DF4CDF1C55D44600D3094B /* LaunchScreen.storyboard */,
				D2DF4CE21C55D44600D3094B /* Info.plist */,
			);
			path = Twipper;
			sourceTree = "<group>";
		};
/* End PBXGroup section */

/* Begin PBXNativeTarget section */
		D2DF4CD21C55D44500D3094B /* Twipper */ = {
			isa = PBXNativeTarget;
			buildConfigurationList = D2DF4CE51C55D44600D3094B /* Build configuration list for PBXNativeTarget "Twipper" */;
			buildPhases = (
				D2DF4CCF1C55D44500D3094B /* Sources */,
				D2DF4CD01C55D44500D3094B /* Frameworks */,
				D2DF4CD11C55D44500D3094B /* Resources */,
			);
			buildRules = (
			);
			dependencies = (
			);
			name = Twipper;
			productName = Twipper;
			productReference = D2DF4CD31C55D44500D3094B /* Twipper.app */;
			productType = "com.apple.product-type.application";
		};
/* End PBXNativeTarget section */

/* Begin PBXProject section */
		D2DF4CCB1C55D44500D3094B /* Project object */ = {
			isa = PBXProject;
			attributes = {
				LastSwiftUpdateCheck = 0720;
				LastUpgradeCheck = 0720;
				ORGANIZATIONNAME = "Ramyatha Yugendernath";
				TargetAttributes = {
					D2DF4CD21C55D44500D3094B = {
						CreatedOnToolsVersion = 7.2;
						DevelopmentTeam = NDH5RN9W27;
					};
				};
			};
			buildConfigurationList = D2DF4CCE1C55D44500D3094B /* Build configuration list for PBXProject "Twipper" */;
			compatibilityVersion = "Xcode 3.2";
			developmentRegion = English;
			hasScannedForEncodings = 0;
			knownRegions = (
				en,
				Base,
			);
			mainGroup = D2DF4CCA1C55D44500D3094B;
			productRefGroup = D2DF4CD41C55D44500D3094B /* Products */;
			projectDirPath = "";
			projectRoot = "";
			targets = (
				D2DF4CD21C55D44500D3094B /* Twipper */,
			);
		};
/* End PBXProject section */

/* Begin PBXResourcesBuildPhase section */
		D2DF4CD11C55D44500D3094B /* Resources */ = {
			isa = PBXResourcesBuildPhase;
			buildActionMask = 2147483647;
			files = (
				D2DF4CE11C55D44600D3094B /* LaunchScreen.storyboard in Resources */,
				D2DF4CDE1C55D44600D3094B /* Assets.xcassets in Resources */,
				D2DF4CDC1C55D44600D3094B /* Main.storyboard in Resources */,
			);
			runOnlyForDeploymentPostprocessing = 0;
		};
/* End PBXResourcesBuildPhase section */

/* Begin PBXSourcesBuildPhase section */
		D2DF4CCF1C55D44500D3094B /* Sources */ = {
			isa = PBXSourcesBuildPhase;
			buildActionMask = 2147483647;
			files = (
				D2DF4CD91C55D44500D3094B /* ViewController.swift in Sources */,
				D2DF4CD71C55D44500D3094B /* AppDelegate.swift in Sources */,
			);
			runOnlyForDeploymentPostprocessing = 0;
		};
/* End PBXSourcesBuildPhase section */

/* Begin PBXVariantGroup section */
		D2DF4CDA1C55D44600D3094B /* Main.storyboard */ = {
			isa = PBXVariantGroup;
			children = (
				D2DF4CDB1C55D44600D3094B /* Base */,
			);
			name = Main.storyboard;
			sourceTree = "<group>";
		};
		D2DF4CDF1C55D44600D3094B /* LaunchScreen.storyboard */ = {
			isa = PBXVariantGroup;
			children = (
				D2DF4CE01C55D44600D3094B /* Base */,
			);
			name = LaunchScreen.storyboard;
			sourceTree = "<group>";
		};
/* End PBXVariantGroup section */

/* Begin XCBuildConfiguration section */
		D2DF4CE31C55D44600D3094B /* Debug */ = {
			isa = XCBuildConfiguration;
			buildSettings = {
				ALWAYS_SEARCH_USER_PATHS = NO;
				CLANG_CXX_LANGUAGE_STANDARD = "gnu++0x";
				CLANG_CXX_LIBRARY = "libc++";
				CLANG_ENABLE_MODULES = YES;
				CLANG_ENABLE_OBJC_ARC = YES;
				CLANG_WARN_BOOL_CONVERSION = YES;
				CLANG_WARN_CONSTANT_CONVERSION = YES;
				CLANG_WARN_DIRECT_OBJC_ISA_USAGE = YES_ERROR;
				CLANG_WARN_EMPTY_BODY = YES;
				CLANG_WARN_ENUM_CONVERSION = YES;
				CLANG_WARN_INT_CONVERSION = YES;
				CLANG_WARN_OBJC_ROOT_CLASS = YES_ERROR;
				CLANG_WARN_UNREACHABLE_CODE = YES;
				CLANG_WARN__DUPLICATE_METHOD_MATCH = YES;
				"CODE_SIGN_IDENTITY[sdk=iphoneos*]" = "iPhone Developer";
				COPY_PHASE_STRIP = NO;
				DEBUG_INFORMATION_FORMAT = dwarf;
				ENABLE_STRICT_OBJC_MSGSEND = YES;
				ENABLE_TESTABILITY = YES;
				GCC_C_LANGUAGE_STANDARD = gnu99;
				GCC_DYNAMIC_NO_PIC = NO;
				GCC_NO_COMMON_BLOCKS = YES;
				GCC_OPTIMIZATION_LEVEL = 0;
				GCC_PREPROCESSOR_DEFINITIONS = (
					"DEBUG=1",
					"$(inherited)",
				);
				GCC_WARN_64_TO_32_BIT_CONVERSION = YES;
				GCC_WARN_ABOUT_RETURN_TYPE = YES_ERROR;
				GCC_WARN_UNDECLARED_SELECTOR = YES;
				GCC_WARN_UNINITIALIZED_AUTOS = YES_AGGRESSIVE;
				GCC_WARN_UNUSED_FUNCTION = YES;
				GCC_WARN_UNUSED_VARIABLE = YES;
				IPHONEOS_DEPLOYMENT_TARGET = 9.2;
				MTL_ENABLE_DEBUG_INFO = YES;
				ONLY_ACTIVE_ARCH = YES;
				SDKROOT = iphoneos;
				SWIFT_OPTIMIZATION_LEVEL = "-Onone";
				TARGETED_DEVICE_FAMILY = "1,2";
			};
			name = Debug;
		};
		D2DF4CE41C55D44600D3094B /* Release */ = {
			isa = XCBuildConfiguration;
			buildSettings = {
				ALWAYS_SEARCH_USER_PATHS = NO;
				CLANG_CXX_LANGUAGE_STANDARD = "gnu++0x";
				CLANG_CXX_LIBRARY = "libc++";
				CLANG_ENABLE_MODULES = YES;
				CLANG_ENABLE_OBJC_ARC = YES;
				CLANG_WARN_BOOL_CONVERSION = YES;
				CLANG_WARN_CONSTANT_CONVERSION = YES;
				CLANG_WARN_DIRECT_OBJC_ISA_USAGE = YES_ERROR;
				CLANG_WARN_EMPTY_BODY = YES;
				CLANG_WARN_ENUM_CONVERSION = YES;
				CLANG_WARN_INT_CONVERSION = YES;
				CLANG_WARN_OBJC_ROOT_CLASS = YES_ERROR;
				CLANG_WARN_UNREACHABLE_CODE = YES;
				CLANG_WARN__DUPLICATE_METHOD_MATCH = YES;
				"CODE_SIGN_IDENTITY[sdk=iphoneos*]" = "iPhone Developer";
				COPY_PHASE_STRIP = NO;
				DEBUG_INFORMATION_FORMAT = "dwarf-with-dsym";
				ENABLE_NS_ASSERTIONS = NO;
				ENABLE_STRICT_OBJC_MSGSEND = YES;
				GCC_C_LANGUAGE_STANDARD = gnu99;
				GCC_NO_COMMON_BLOCKS = YES;
				GCC_WARN_64_TO_32_BIT_CONVERSION = YES;
				GCC_WARN_ABOUT_RETURN_TYPE = YES_ERROR;
				GCC_WARN_UNDECLARED_SELECTOR = YES;
				GCC_WARN_UNINITIALIZED_AUTOS = YES_AGGRESSIVE;
				GCC_WARN_UNUSED_FUNCTION = YES;
				GCC_WARN_UNUSED_VARIABLE = YES;
				IPHONEOS_DEPLOYMENT_TARGET = 9.2;
				MTL_ENABLE_DEBUG_INFO = NO;
				SDKROOT = iphoneos;
				TARGETED_DEVICE_FAMILY = "1,2";
				VALIDATE_PRODUCT = YES;
			};
			name = Release;
		};
		D2DF4CE61C55D44600D3094B /* Debug */ = {
			isa = XCBuildConfiguration;
			buildSettings = {
				ASSETCATALOG_COMPILER_APPICON_NAME = AppIcon;
				INFOPLIST_FILE = Twipper/Info.plist;
				LD_RUNPATH_SEARCH_PATHS = "$(inherited) @executable_path/Frameworks";
				PRODUCT_BUNDLE_IDENTIFIER = IOSStack.Twipper;
				PRODUCT_NAME = "$(TARGET_NAME)";
			};
			name = Debug;
		};
		D2DF4CE71C55D44600D3094B /* Release */ = {
			isa = XCBuildConfiguration;
			buildSettings = {
				ASSETCATALOG_COMPILER_APPICON_NAME = AppIcon;
				INFOPLIST_FILE = Twipper/Info.plist;
				LD_RUNPATH_SEARCH_PATHS = "$(inherited) @executable_path/Frameworks";
				PRODUCT_BUNDLE_IDENTIFIER = IOSStack.Twipper;
				PRODUCT_NAME = "$(TARGET_NAME)";
			};
			name = Release;
		};
/* End XCBuildConfiguration section */

/* Begin XCConfigurationList section */
		D2DF4CCE1C55D44500D3094B /* Build configuration list for PBXProject "Twipper" */ = {
			isa = XCConfigurationList;
			buildConfigurations = (
				D2DF4CE31C55D44600D3094B /* Debug */,
				D2DF4CE41C55D44600D3094B /* Release */,
			);
			defaultConfigurationIsVisible = 0;
			defaultConfigurationName = Release;
		};
		D2DF4CE51C55D44600D3094B /* Build configuration list for PBXNativeTarget "Twipper" */ = {
			isa = XCConfigurationList;
			buildConfigurations = (
				D2DF4CE61C55D44600D3094B /* Debug */,
				D2DF4CE71C55D44600D3094B /* Release */,
			);
			defaultConfigurationIsVisible = 0;
		};
/* End XCConfigurationList section */
	};
	rootObject = D2DF4CCB1C55D44500D3094B /* Project object */;
}
